Microsoft Visual Studio Solution File, Format Version 12.00
# Visual Studio Version 17
VisualStudioVersion = 17.5.2.0
MinimumVisualStudioVersion = 10.0.40219.1
Project("{FAE04EC0-301F-11D3-BF4B-00C04F79EFBC}") = "LinkChat.ConsoleApp", "LinkChat.ConsoleApp.csproj", "{76B0185D-C996-6621-E5DE-917D10DB7728}"
EndProject
Global
	GlobalSection(SolutionConfigurationPlatforms) = preSolution
		Debug|Any CPU = Debug|Any CPU
		Release|Any CPU = Release|Any CPU
	EndGlobalSection
	GlobalSection(ProjectConfigurationPlatforms) = postSolution
		{76B0185D-C996-6621-E5DE-917D10DB7728}.Debug|Any CPU.ActiveCfg = Debug|Any CPU
		{76B0185D-C996-6621-E5DE-917D10DB7728}.Debug|Any CPU.Build.0 = Debug|Any CPU
		{76B0185D-C996-6621-E5DE-917D10DB7728}.Release|Any CPU.ActiveCfg = Release|Any CPU
		{76B0185D-C996-6621-E5DE-917D10DB7728}.Release|Any CPU.Build.0 = Release|Any CPU
	EndGlobalSection
	GlobalSection(SolutionProperties) = preSolution
		HideSolutionNode = FALSE
	EndGlobalSection
	GlobalSection(ExtensibilityGlobals) = postSolution
		SolutionGuid = {81D6B249-33F2-488A-9FFD-EA9A2712DD2A}
	EndGlobalSection
EndGlobal
